
Microsoft Visual Studio Solution File, Format Version 12.00
Project("{2150E333-8FDC-42A3-9474-1A3956D46DE8}") = "src", "src", "{3850B74B-3FB5-4F39-BCA6-50AF2D486ABB}"
EndProject
Project("{2150E333-8FDC-42A3-9474-1A3956D46DE8}") = "tests", "tests", "{312BEED3-8B61-4C12-A1C1-7456DB274DEC}"
EndProject
Project("{FAE04EC0-301F-11D3-BF4B-00C04F79EFBC}") = "Application", "src\Application\Application.csproj", "{B05F5104-4774-487E-B713-F6EF41E47029}"
EndProject
Project("{FAE04EC0-301F-11D3-BF4B-00C04F79EFBC}") = "Infrastructure", "src\Infrastructure\Infrastructure.csproj", "{7D141897-C59A-427F-9D78-C9D0AD648E9E}"
EndProject
Project("{FAE04EC0-301F-11D3-BF4B-00C04F79EFBC}") = "API", "src\API\API.csproj", "{5AA86666-90D8-47E5-BA46-5ABF05614D18}"
EndProject
Project("{FAE04EC0-301F-11D3-BF4B-00C04F79EFBC}") = "Domain", "src\Domain\Domain.csproj", "{2E627231-0661-46FD-9C43-D5640D11FA3A}"
EndProject
Project("{FAE04EC0-301F-11D3-BF4B-00C04F79EFBC}") = "API.IntegrationTests", "tests\API.IntegrationTests\API.IntegrationTests.csproj", "{BD1B4C6E-BCDF-4A07-A235-15160E82FB84}"
EndProject
Project("{FAE04EC0-301F-11D3-BF4B-00C04F79EFBC}") = "Application.IntegrationTests", "tests\Application.IntegrationTests\Application.IntegrationTests.csproj", "{FB023497-3220-4114-8139-D7645A97A488}"
EndProject
Project("{FAE04EC0-301F-11D3-BF4B-00C04F79EFBC}") = "Application.UnitTests", "tests\Application.UnitTests\Application.UnitTests.csproj", "{B67D40C8-39CC-43A0-9A29-8B827AF63C40}"
EndProject
Project("{FAE04EC0-301F-11D3-BF4B-00C04F79EFBC}") = "Domain.UnitTests", "tests\Domain.UnitTests\Domain.UnitTests.csproj", "{E22AB42C-C89C-4D0B-AC26-464EFD86969A}"
EndProject
Project("{FAE04EC0-301F-11D3-BF4B-00C04F79EFBC}") = "Infrastructure.IntegrationTests", "tests\Infrastructure.IntegrationTests\Infrastructure.IntegrationTests.csproj", "{4BB9A06F-30A6-4D55-8AEB-ECFDC0EB8BD9}"
EndProject
Global
	GlobalSection(SolutionConfigurationPlatforms) = preSolution
		Debug|Any CPU = Debug|Any CPU
		Release|Any CPU = Release|Any CPU
	EndGlobalSection
	GlobalSection(NestedProjects) = preSolution
		{B05F5104-4774-487E-B713-F6EF41E47029} = {3850B74B-3FB5-4F39-BCA6-50AF2D486ABB}
		{7D141897-C59A-427F-9D78-C9D0AD648E9E} = {3850B74B-3FB5-4F39-BCA6-50AF2D486ABB}
		{5AA86666-90D8-47E5-BA46-5ABF05614D18} = {3850B74B-3FB5-4F39-BCA6-50AF2D486ABB}
		{2E627231-0661-46FD-9C43-D5640D11FA3A} = {3850B74B-3FB5-4F39-BCA6-50AF2D486ABB}
		{BD1B4C6E-BCDF-4A07-A235-15160E82FB84} = {312BEED3-8B61-4C12-A1C1-7456DB274DEC}
		{FB023497-3220-4114-8139-D7645A97A488} = {312BEED3-8B61-4C12-A1C1-7456DB274DEC}
		{B67D40C8-39CC-43A0-9A29-8B827AF63C40} = {312BEED3-8B61-4C12-A1C1-7456DB274DEC}
		{E22AB42C-C89C-4D0B-AC26-464EFD86969A} = {312BEED3-8B61-4C12-A1C1-7456DB274DEC}
		{4BB9A06F-30A6-4D55-8AEB-ECFDC0EB8BD9} = {312BEED3-8B61-4C12-A1C1-7456DB274DEC}
	EndGlobalSection
	GlobalSection(ProjectConfigurationPlatforms) = postSolution
		{B05F5104-4774-487E-B713-F6EF41E47029}.Debug|Any CPU.ActiveCfg = Debug|Any CPU
		{B05F5104-4774-487E-B713-F6EF41E47029}.Debug|Any CPU.Build.0 = Debug|Any CPU
		{B05F5104-4774-487E-B713-F6EF41E47029}.Release|Any CPU.ActiveCfg = Release|Any CPU
		{B05F5104-4774-487E-B713-F6EF41E47029}.Release|Any CPU.Build.0 = Release|Any CPU
		{7D141897-C59A-427F-9D78-C9D0AD648E9E}.Debug|Any CPU.ActiveCfg = Debug|Any CPU
		{7D141897-C59A-427F-9D78-C9D0AD648E9E}.Debug|Any CPU.Build.0 = Debug|Any CPU
		{7D141897-C59A-427F-9D78-C9D0AD648E9E}.Release|Any CPU.ActiveCfg = Release|Any CPU
		{7D141897-C59A-427F-9D78-C9D0AD648E9E}.Release|Any CPU.Build.0 = Release|Any CPU
		{5AA86666-90D8-47E5-BA46-5ABF05614D18}.Debug|Any CPU.ActiveCfg = Debug|Any CPU
		{5AA86666-90D8-47E5-BA46-5ABF05614D18}.Debug|Any CPU.Build.0 = Debug|Any CPU
		{5AA86666-90D8-47E5-BA46-5ABF05614D18}.Release|Any CPU.ActiveCfg = Release|Any CPU
		{5AA86666-90D8-47E5-BA46-5ABF05614D18}.Release|Any CPU.Build.0 = Release|Any CPU
		{2E627231-0661-46FD-9C43-D5640D11FA3A}.Debug|Any CPU.ActiveCfg = Debug|Any CPU
		{2E627231-0661-46FD-9C43-D5640D11FA3A}.Debug|Any CPU.Build.0 = Debug|Any CPU
		{2E627231-0661-46FD-9C43-D5640D11FA3A}.Release|Any CPU.ActiveCfg = Release|Any CPU
		{2E627231-0661-46FD-9C43-D5640D11FA3A}.Release|Any CPU.Build.0 = Release|Any CPU
		{BD1B4C6E-BCDF-4A07-A235-15160E82FB84}.Debug|Any CPU.ActiveCfg = Debug|Any CPU
		{BD1B4C6E-BCDF-4A07-A235-15160E82FB84}.Debug|Any CPU.Build.0 = Debug|Any CPU
		{BD1B4C6E-BCDF-4A07-A235-15160E82FB84}.Release|Any CPU.ActiveCfg = Release|Any CPU
		{BD1B4C6E-BCDF-4A07-A235-15160E82FB84}.Release|Any CPU.Build.0 = Release|Any CPU
		{FB023497-3220-4114-8139-D7645A97A488}.Debug|Any CPU.ActiveCfg = Debug|Any CPU
		{FB023497-3220-4114-8139-D7645A97A488}.Debug|Any CPU.Build.0 = Debug|Any CPU
		{FB023497-3220-4114-8139-D7645A97A488}.Release|Any CPU.ActiveCfg = Release|Any CPU
		{FB023497-3220-4114-8139-D7645A97A488}.Release|Any CPU.Build.0 = Release|Any CPU
		{B67D40C8-39CC-43A0-9A29-8B827AF63C40}.Debug|Any CPU.ActiveCfg = Debug|Any CPU
		{B67D40C8-39CC-43A0-9A29-8B827AF63C40}.Debug|Any CPU.Build.0 = Debug|Any CPU
		{B67D40C8-39CC-43A0-9A29-8B827AF63C40}.Release|Any CPU.ActiveCfg = Release|Any CPU
		{B67D40C8-39CC-43A0-9A29-8B827AF63C40}.Release|Any CPU.Build.0 = Release|Any CPU
		{E22AB42C-C89C-4D0B-AC26-464EFD86969A}.Debug|Any CPU.ActiveCfg = Debug|Any CPU
		{E22AB42C-C89C-4D0B-AC26-464EFD86969A}.Debug|Any CPU.Build.0 = Debug|Any CPU
		{E22AB42C-C89C-4D0B-AC26-464EFD86969A}.Release|Any CPU.ActiveCfg = Release|Any CPU
		{E22AB42C-C89C-4D0B-AC26-464EFD86969A}.Release|Any CPU.Build.0 = Release|Any CPU
		{4BB9A06F-30A6-4D55-8AEB-ECFDC0EB8BD9}.Debug|Any CPU.ActiveCfg = Debug|Any CPU
		{4BB9A06F-30A6-4D55-8AEB-ECFDC0EB8BD9}.Debug|Any CPU.Build.0 = Debug|Any CPU
		{4BB9A06F-30A6-4D55-8AEB-ECFDC0EB8BD9}.Release|Any CPU.ActiveCfg = Release|Any CPU
		{4BB9A06F-30A6-4D55-8AEB-ECFDC0EB8BD9}.Release|Any CPU.Build.0 = Release|Any CPU
	EndGlobalSection
EndGlobal
